
Microsoft Visual Studio Solution File, Format Version 12.00
# Visual Studio 15
VisualStudioVersion = 15.0.27703.2047
MinimumVisualStudioVersion = 10.0.40219.1
Project("{FAE04EC0-301F-11D3-BF4B-00C04F79EFBC}") = "DEXS.Tools.Extensions.DateTime", "DEXS.Tools.Extensions.DateTime\DEXS.Tools.Extensions.DateTime.csproj", "{CF6D0856-83E9-4C5C-AB96-C8A38B57276B}"
EndProject
Project("{FAE04EC0-301F-11D3-BF4B-00C04F79EFBC}") = "DEXS.Tools.Extensions.DateTime.Tests", "DEXS.Tools.Extensions.DateTime.Tests\DEXS.Tools.Extensions.DateTime.Tests.csproj", "{9CA3B697-FDB9-4559-91C0-9ADEF8D6119E}"
EndProject
Global
	GlobalSection(SolutionConfigurationPlatforms) = preSolution
		Debug|Any CPU = Debug|Any CPU
		Release|Any CPU = Release|Any CPU
	EndGlobalSection
	GlobalSection(ProjectConfigurationPlatforms) = postSolution
		{CF6D0856-83E9-4C5C-AB96-C8A38B57276B}.Debug|Any CPU.ActiveCfg = Debug|Any CPU
		{CF6D0856-83E9-4C5C-AB96-C8A38B57276B}.Debug|Any CPU.Build.0 = Debug|Any CPU
		{CF6D0856-83E9-4C5C-AB96-C8A38B57276B}.Release|Any CPU.ActiveCfg = Release|Any CPU
		{CF6D0856-83E9-4C5C-AB96-C8A38B57276B}.Release|Any CPU.Build.0 = Release|Any CPU
		{9CA3B697-FDB9-4559-91C0-9ADEF8D6119E}.Debug|Any CPU.ActiveCfg = Debug|Any CPU
		{9CA3B697-FDB9-4559-91C0-9ADEF8D6119E}.Debug|Any CPU.Build.0 = Debug|Any CPU
		{9CA3B697-FDB9-4559-91C0-9ADEF8D6119E}.Release|Any CPU.ActiveCfg = Release|Any CPU
		{9CA3B697-FDB9-4559-91C0-9ADEF8D6119E}.Release|Any CPU.Build.0 = Release|Any CPU
	EndGlobalSection
	GlobalSection(SolutionProperties) = preSolution
		HideSolutionNode = FALSE
	EndGlobalSection
	GlobalSection(ExtensibilityGlobals) = postSolution
		SolutionGuid = {96CBAAE8-F4F4-4CEA-A8A0-4C461C6352A2}
	EndGlobalSection
EndGlobal
